
Microsoft Visual Studio Solution File, Format Version 12.00
# Visual Studio 15
VisualStudioVersion = 15.0.26124.0
MinimumVisualStudioVersion = 15.0.26124.0
Project("{FAE04EC0-301F-11D3-BF4B-00C04F79EFBC}") = "RobustCollections", "RobustCollections\RobustCollections.csproj", "{44563BCC-6B43-49D1-83E9-DBEF04EE8224}"
EndProject
Project("{FAE04EC0-301F-11D3-BF4B-00C04F79EFBC}") = "RobustCollections.Tests", "RobustCollections.Tests\RobustCollections.Tests.csproj", "{8048AFBD-EE6E-4949-BB04-B145731B5448}"
EndProject
Global
	GlobalSection(SolutionConfigurationPlatforms) = preSolution
		Debug|Any CPU = Debug|Any CPU
		Debug|x64 = Debug|x64
		Debug|x86 = Debug|x86
		Release|Any CPU = Release|Any CPU
		Release|x64 = Release|x64
		Release|x86 = Release|x86
	EndGlobalSection
	GlobalSection(SolutionProperties) = preSolution
		HideSolutionNode = FALSE
	EndGlobalSection
	GlobalSection(ProjectConfigurationPlatforms) = postSolution
		{44563BCC-6B43-49D1-83E9-DBEF04EE8224}.Debug|Any CPU.ActiveCfg = Debug|Any CPU
		{44563BCC-6B43-49D1-83E9-DBEF04EE8224}.Debug|Any CPU.Build.0 = Debug|Any CPU
		{44563BCC-6B43-49D1-83E9-DBEF04EE8224}.Debug|x64.ActiveCfg = Debug|Any CPU
		{44563BCC-6B43-49D1-83E9-DBEF04EE8224}.Debug|x64.Build.0 = Debug|Any CPU
		{44563BCC-6B43-49D1-83E9-DBEF04EE8224}.Debug|x86.ActiveCfg = Debug|Any CPU
		{44563BCC-6B43-49D1-83E9-DBEF04EE8224}.Debug|x86.Build.0 = Debug|Any CPU
		{44563BCC-6B43-49D1-83E9-DBEF04EE8224}.Release|Any CPU.ActiveCfg = Release|Any CPU
		{44563BCC-6B43-49D1-83E9-DBEF04EE8224}.Release|Any CPU.Build.0 = Release|Any CPU
		{44563BCC-6B43-49D1-83E9-DBEF04EE8224}.Release|x64.ActiveCfg = Release|Any CPU
		{44563BCC-6B43-49D1-83E9-DBEF04EE8224}.Release|x64.Build.0 = Release|Any CPU
		{44563BCC-6B43-49D1-83E9-DBEF04EE8224}.Release|x86.ActiveCfg = Release|Any CPU
		{44563BCC-6B43-49D1-83E9-DBEF04EE8224}.Release|x86.Build.0 = Release|Any CPU
		{8048AFBD-EE6E-4949-BB04-B145731B5448}.Debug|Any CPU.ActiveCfg = Debug|Any CPU
		{8048AFBD-EE6E-4949-BB04-B145731B5448}.Debug|Any CPU.Build.0 = Debug|Any CPU
		{8048AFBD-EE6E-4949-BB04-B145731B5448}.Debug|x64.ActiveCfg = Debug|Any CPU
		{8048AFBD-EE6E-4949-BB04-B145731B5448}.Debug|x64.Build.0 = Debug|Any CPU
		{8048AFBD-EE6E-4949-BB04-B145731B5448}.Debug|x86.ActiveCfg = Debug|Any CPU
		{8048AFBD-EE6E-4949-BB04-B145731B5448}.Debug|x86.Build.0 = Debug|Any CPU
		{8048AFBD-EE6E-4949-BB04-B145731B5448}.Release|Any CPU.ActiveCfg = Release|Any CPU
		{8048AFBD-EE6E-4949-BB04-B145731B5448}.Release|Any CPU.Build.0 = Release|Any CPU
		{8048AFBD-EE6E-4949-BB04-B145731B5448}.Release|x64.ActiveCfg = Release|Any CPU
		{8048AFBD-EE6E-4949-BB04-B145731B5448}.Release|x64.Build.0 = Release|Any CPU
		{8048AFBD-EE6E-4949-BB04-B145731B5448}.Release|x86.ActiveCfg = Release|Any CPU
		{8048AFBD-EE6E-4949-BB04-B145731B5448}.Release|x86.Build.0 = Release|Any CPU
	EndGlobalSection
EndGlobal
